
Microsoft Visual Studio Solution File, Format Version 12.00
# Visual Studio 15
VisualStudioVersion = 15.0.28307.572
MinimumVisualStudioVersion = 10.0.40219.1
Project("{2150E333-8FDC-42A3-9474-1A3956D46DE8}") = "Solution Items", "Solution Items", "{D5BD8581-1104-4C51-A400-E961533B77E9}"
	ProjectSection(SolutionItems) = preProject
		workoutContext.sql = workoutContext.sql
	EndProjectSection
EndProject
Project("{FAE04EC0-301F-11D3-BF4B-00C04F79EFBC}") = "BusinessLogic1", "BusinessLogic1\BusinessLogic1.csproj", "{D659307F-4E0C-4746-A902-2902BC37B44B}"
EndProject
Project("{FAE04EC0-301F-11D3-BF4B-00C04F79EFBC}") = "WorkOutTest.Tests", "WorkOutTest.Tests\WorkOutTest.Tests.csproj", "{F72834BE-F2CC-445A-8DCE-AFCE6267B4DD}"
EndProject
Global
	GlobalSection(SolutionConfigurationPlatforms) = preSolution
		Debug|Any CPU = Debug|Any CPU
		Release|Any CPU = Release|Any CPU
	EndGlobalSection
	GlobalSection(ProjectConfigurationPlatforms) = postSolution
		{D659307F-4E0C-4746-A902-2902BC37B44B}.Debug|Any CPU.ActiveCfg = Debug|Any CPU
		{D659307F-4E0C-4746-A902-2902BC37B44B}.Debug|Any CPU.Build.0 = Debug|Any CPU
		{D659307F-4E0C-4746-A902-2902BC37B44B}.Release|Any CPU.ActiveCfg = Release|Any CPU
		{D659307F-4E0C-4746-A902-2902BC37B44B}.Release|Any CPU.Build.0 = Release|Any CPU
		{F72834BE-F2CC-445A-8DCE-AFCE6267B4DD}.Debug|Any CPU.ActiveCfg = Debug|Any CPU
		{F72834BE-F2CC-445A-8DCE-AFCE6267B4DD}.Debug|Any CPU.Build.0 = Debug|Any CPU
		{F72834BE-F2CC-445A-8DCE-AFCE6267B4DD}.Release|Any CPU.ActiveCfg = Release|Any CPU
		{F72834BE-F2CC-445A-8DCE-AFCE6267B4DD}.Release|Any CPU.Build.0 = Release|Any CPU
	EndGlobalSection
	GlobalSection(SolutionProperties) = preSolution
		HideSolutionNode = FALSE
	EndGlobalSection
	GlobalSection(ExtensibilityGlobals) = postSolution
		SolutionGuid = {3E8C745C-ED98-456A-8EF7-AD86F5863B3F}
	EndGlobalSection
EndGlobal
