
Microsoft Visual Studio Solution File, Format Version 12.00
# Visual Studio 15
VisualStudioVersion = 15.0.28307.572
MinimumVisualStudioVersion = 10.0.40219.1
Project("{2150E333-8FDC-42A3-9474-1A3956D46DE8}") = "Solution Items", "Solution Items", "{D5BD8581-1104-4C51-A400-E961533B77E9}"
	ProjectSection(SolutionItems) = preProject
		workoutContext.sql = workoutContext.sql
	EndProjectSection
EndProject
Global
	GlobalSection(SolutionProperties) = preSolution
		HideSolutionNode = FALSE
	EndGlobalSection
	GlobalSection(ExtensibilityGlobals) = postSolution
		SolutionGuid = {3E8C745C-ED98-456A-8EF7-AD86F5863B3F}
	EndGlobalSection
EndGlobal
